
Microsoft Visual Studio Solution File, Format Version 12.00
# Visual Studio Version 17
VisualStudioVersion = 17.11.35222.181
MinimumVisualStudioVersion = 10.0.40219.1
Project("{FAE04EC0-301F-11D3-BF4B-00C04F79EFBC}") = "2조 프로젝트", "2조 프로젝트\2조 프로젝트.csproj", "{D259AE09-2935-4975-8144-BC93E5204C42}"
EndProject
Global
	GlobalSection(SolutionConfigurationPlatforms) = preSolution
		Debug|Any CPU = Debug|Any CPU
		Release|Any CPU = Release|Any CPU
	EndGlobalSection
	GlobalSection(ProjectConfigurationPlatforms) = postSolution
		{D259AE09-2935-4975-8144-BC93E5204C42}.Debug|Any CPU.ActiveCfg = Debug|Any CPU
		{D259AE09-2935-4975-8144-BC93E5204C42}.Debug|Any CPU.Build.0 = Debug|Any CPU
		{D259AE09-2935-4975-8144-BC93E5204C42}.Release|Any CPU.ActiveCfg = Release|Any CPU
		{D259AE09-2935-4975-8144-BC93E5204C42}.Release|Any CPU.Build.0 = Release|Any CPU
	EndGlobalSection
	GlobalSection(SolutionProperties) = preSolution
		HideSolutionNode = FALSE
	EndGlobalSection
	GlobalSection(ExtensibilityGlobals) = postSolution
		SolutionGuid = {D750CFF3-4323-4457-A947-85EA37E1DC91}
	EndGlobalSection
EndGlobal
